
Microsoft Visual Studio Solution File, Format Version 12.00
# Visual Studio Version 17
VisualStudioVersion = 17.5.002.0
MinimumVisualStudioVersion = 10.0.40219.1
Project("{2150E333-8FDC-42A3-9474-1A3956D46DE8}") = "Server", "Server", "{B6297012-C5ED-497C-9DA4-30828C5A51E0}"
EndProject
Project("{9A19103F-16F7-4668-BE54-9A1E7A4F7556}") = "apiplate", "Server\apiplate\apiplate.csproj", "{5629D718-2F47-4A22-B0E1-414C35A2E825}"
EndProject
Global
	GlobalSection(SolutionConfigurationPlatforms) = preSolution
		Debug|Any CPU = Debug|Any CPU
		Release|Any CPU = Release|Any CPU
	EndGlobalSection
	GlobalSection(ProjectConfigurationPlatforms) = postSolution
		{5629D718-2F47-4A22-B0E1-414C35A2E825}.Debug|Any CPU.ActiveCfg = Debug|Any CPU
		{5629D718-2F47-4A22-B0E1-414C35A2E825}.Debug|Any CPU.Build.0 = Debug|Any CPU
		{5629D718-2F47-4A22-B0E1-414C35A2E825}.Release|Any CPU.ActiveCfg = Release|Any CPU
		{5629D718-2F47-4A22-B0E1-414C35A2E825}.Release|Any CPU.Build.0 = Release|Any CPU
	EndGlobalSection
	GlobalSection(SolutionProperties) = preSolution
		HideSolutionNode = FALSE
	EndGlobalSection
	GlobalSection(NestedProjects) = preSolution
		{5629D718-2F47-4A22-B0E1-414C35A2E825} = {B6297012-C5ED-497C-9DA4-30828C5A51E0}
	EndGlobalSection
	GlobalSection(ExtensibilityGlobals) = postSolution
		SolutionGuid = {1B6EF3DB-F849-4871-9611-1C49F7377CDC}
	EndGlobalSection
EndGlobal
